
Microsoft Visual Studio Solution File, Format Version 12.00
# Visual Studio Version 16
VisualStudioVersion = 16.0.30907.101
MinimumVisualStudioVersion = 10.0.40219.1
Project("{9A19103F-16F7-4668-BE54-9A1E7A4F7556}") = "LojaApi", "LojaApi\LojaApi.csproj", "{291F7348-B0D4-44D9-AAB6-A60155224E6B}"
EndProject
Project("{9A19103F-16F7-4668-BE54-9A1E7A4F7556}") = "LojaApiApiTests2", "LojaApiApiTests2\LojaApiApiTests2.csproj", "{65726237-3D6A-4254-B91E-3E60C290B7F8}"
EndProject
Global
	GlobalSection(SolutionConfigurationPlatforms) = preSolution
		Debug|Any CPU = Debug|Any CPU
		Release|Any CPU = Release|Any CPU
	EndGlobalSection
	GlobalSection(ProjectConfigurationPlatforms) = postSolution
		{291F7348-B0D4-44D9-AAB6-A60155224E6B}.Debug|Any CPU.ActiveCfg = Debug|Any CPU
		{291F7348-B0D4-44D9-AAB6-A60155224E6B}.Debug|Any CPU.Build.0 = Debug|Any CPU
		{291F7348-B0D4-44D9-AAB6-A60155224E6B}.Release|Any CPU.ActiveCfg = Release|Any CPU
		{291F7348-B0D4-44D9-AAB6-A60155224E6B}.Release|Any CPU.Build.0 = Release|Any CPU
		{65726237-3D6A-4254-B91E-3E60C290B7F8}.Debug|Any CPU.ActiveCfg = Debug|Any CPU
		{65726237-3D6A-4254-B91E-3E60C290B7F8}.Debug|Any CPU.Build.0 = Debug|Any CPU
		{65726237-3D6A-4254-B91E-3E60C290B7F8}.Release|Any CPU.ActiveCfg = Release|Any CPU
		{65726237-3D6A-4254-B91E-3E60C290B7F8}.Release|Any CPU.Build.0 = Release|Any CPU
	EndGlobalSection
	GlobalSection(SolutionProperties) = preSolution
		HideSolutionNode = FALSE
	EndGlobalSection
	GlobalSection(ExtensibilityGlobals) = postSolution
		SolutionGuid = {CE6C8818-0DBD-4D88-96B9-164DBACD600C}
	EndGlobalSection
EndGlobal
